
Microsoft Visual Studio Solution File, Format Version 12.00
# Visual Studio Version 16
VisualStudioVersion = 16.0.29512.175
MinimumVisualStudioVersion = 10.0.40219.1
Project("{9A19103F-16F7-4668-BE54-9A1E7A4F7556}") = "LaraxsBot", "LaraxsBot\LaraxsBot.csproj", "{7716EB5E-EB8C-4398-BBD5-B24FFFECF4B2}"
EndProject
Project("{FAE04EC0-301F-11D3-BF4B-00C04F79EFBC}") = "MalParser", "MalParser\MalParser.csproj", "{BFF6FA4F-A9AA-4349-9004-D77CEEA9DDB2}"
EndProject
Global
	GlobalSection(SolutionConfigurationPlatforms) = preSolution
		Debug|Any CPU = Debug|Any CPU
		Release|Any CPU = Release|Any CPU
	EndGlobalSection
	GlobalSection(ProjectConfigurationPlatforms) = postSolution
		{7716EB5E-EB8C-4398-BBD5-B24FFFECF4B2}.Debug|Any CPU.ActiveCfg = Debug|Any CPU
		{7716EB5E-EB8C-4398-BBD5-B24FFFECF4B2}.Debug|Any CPU.Build.0 = Debug|Any CPU
		{7716EB5E-EB8C-4398-BBD5-B24FFFECF4B2}.Release|Any CPU.ActiveCfg = Release|Any CPU
		{7716EB5E-EB8C-4398-BBD5-B24FFFECF4B2}.Release|Any CPU.Build.0 = Release|Any CPU
		{BFF6FA4F-A9AA-4349-9004-D77CEEA9DDB2}.Debug|Any CPU.ActiveCfg = Debug|Any CPU
		{BFF6FA4F-A9AA-4349-9004-D77CEEA9DDB2}.Debug|Any CPU.Build.0 = Debug|Any CPU
		{BFF6FA4F-A9AA-4349-9004-D77CEEA9DDB2}.Release|Any CPU.ActiveCfg = Release|Any CPU
		{BFF6FA4F-A9AA-4349-9004-D77CEEA9DDB2}.Release|Any CPU.Build.0 = Release|Any CPU
	EndGlobalSection
	GlobalSection(SolutionProperties) = preSolution
		HideSolutionNode = FALSE
	EndGlobalSection
	GlobalSection(ExtensibilityGlobals) = postSolution
		SolutionGuid = {BDEDA96C-69BF-435E-91DB-79D914C2A757}
	EndGlobalSection
EndGlobal
